
Microsoft Visual Studio Solution File, Format Version 12.00
# Visual Studio Version 17
VisualStudioVersion = 17.5.002.0
MinimumVisualStudioVersion = 10.0.40219.1
Project("{2150E333-8FDC-42A3-9474-1A3956D46DE8}") = "sandbox", "sandbox", "{2E994BF9-87E6-4F37-895B-2B0342B146E4}"
EndProject
Project("{9A19103F-16F7-4668-BE54-9A1E7A4F7556}") = "sandbox_project", "sandbox\sandbox_project\sandbox_project.csproj", "{6DD0D3D2-1948-4198-8889-62326474DD07}"
EndProject
Project("{2150E333-8FDC-42A3-9474-1A3956D46DE8}") = "week01", "week01", "{8062C50C-BADE-4802-A4B7-624E06788966}"
EndProject
Project("{9A19103F-16F7-4668-BE54-9A1E7A4F7556}") = "analyze", "week01\analyze\analyze.csproj", "{BCC89270-40B5-4FA3-A570-AE0D827E4B3C}"
EndProject
Project("{9A19103F-16F7-4668-BE54-9A1E7A4F7556}") = "code", "week01\code\code.csproj", "{A644A512-CF47-4B64-AA5C-41B0EA87805C}"
EndProject
Project("{9A19103F-16F7-4668-BE54-9A1E7A4F7556}") = "teach", "week01\teach\teach.csproj", "{4852E200-F7BD-4D9C-9F4A-D7E177FA3A82}"
EndProject
Project("{2150E333-8FDC-42A3-9474-1A3956D46DE8}") = "week02", "week02", "{39720F9B-0A3A-4AC2-AC74-EA9F10450024}"
EndProject
Project("{9A19103F-16F7-4668-BE54-9A1E7A4F7556}") = "analyze", "week02\analyze\analyze.csproj", "{69DDFFB4-C566-4037-A857-2FB3B810AAAC}"
EndProject
Project("{9A19103F-16F7-4668-BE54-9A1E7A4F7556}") = "code", "week02\code\code.csproj", "{719944CA-FFA7-4F22-A6BD-CB7D87F84C67}"
EndProject
Project("{9A19103F-16F7-4668-BE54-9A1E7A4F7556}") = "learn", "week02\learn\learn.csproj", "{2FD42FF4-6591-4A51-A95F-A2D9E0C59099}"
EndProject
Project("{9A19103F-16F7-4668-BE54-9A1E7A4F7556}") = "teach", "week02\teach\teach.csproj", "{59090503-822B-4A72-ABA4-372F2ED884AE}"
EndProject
Project("{2150E333-8FDC-42A3-9474-1A3956D46DE8}") = "week03", "week03", "{49603908-09A2-48B2-867F-BFBBA1D2D5FD}"
EndProject
Project("{9A19103F-16F7-4668-BE54-9A1E7A4F7556}") = "code", "week03\code\code.csproj", "{B7210437-E2D5-432A-8839-AB544DDB475D}"
EndProject
Project("{9A19103F-16F7-4668-BE54-9A1E7A4F7556}") = "learn", "week03\learn\learn.csproj", "{E7B83E64-584C-4851-8DA1-4D63CD7918D8}"
EndProject
Project("{9A19103F-16F7-4668-BE54-9A1E7A4F7556}") = "teach", "week03\teach\teach.csproj", "{9CE68E75-D0F9-4947-94E2-68AF10C87E9D}"
EndProject
Project("{2150E333-8FDC-42A3-9474-1A3956D46DE8}") = "week04", "week04", "{47BB12ED-2875-42B6-8D82-33B6F773F464}"
EndProject
Project("{9A19103F-16F7-4668-BE54-9A1E7A4F7556}") = "code", "week04\code\code.csproj", "{828AABFF-DEBC-46FA-B82B-1D9B9C6FE7BB}"
EndProject
Project("{2150E333-8FDC-42A3-9474-1A3956D46DE8}") = "week05", "week05", "{71EFC3DD-3D52-4EEF-BE85-09AAA3DEF797}"
EndProject
Project("{9A19103F-16F7-4668-BE54-9A1E7A4F7556}") = "code", "week05\code\code.csproj", "{DC775B7C-458F-43FD-AD3C-7843166C135B}"
EndProject
Project("{2150E333-8FDC-42A3-9474-1A3956D46DE8}") = "week06", "week06", "{F4C469F0-0DBB-41A1-9E0E-60282F44318A}"
EndProject
Project("{9A19103F-16F7-4668-BE54-9A1E7A4F7556}") = "code", "week06\code\code.csproj", "{1A58071E-1858-42FA-BB8D-9840774DC7B4}"
EndProject
Global
	GlobalSection(SolutionConfigurationPlatforms) = preSolution
		Debug|Any CPU = Debug|Any CPU
		Release|Any CPU = Release|Any CPU
	EndGlobalSection
	GlobalSection(ProjectConfigurationPlatforms) = postSolution
		{6DD0D3D2-1948-4198-8889-62326474DD07}.Debug|Any CPU.ActiveCfg = Debug|Any CPU
		{6DD0D3D2-1948-4198-8889-62326474DD07}.Debug|Any CPU.Build.0 = Debug|Any CPU
		{6DD0D3D2-1948-4198-8889-62326474DD07}.Release|Any CPU.ActiveCfg = Release|Any CPU
		{6DD0D3D2-1948-4198-8889-62326474DD07}.Release|Any CPU.Build.0 = Release|Any CPU
		{BCC89270-40B5-4FA3-A570-AE0D827E4B3C}.Debug|Any CPU.ActiveCfg = Debug|Any CPU
		{BCC89270-40B5-4FA3-A570-AE0D827E4B3C}.Debug|Any CPU.Build.0 = Debug|Any CPU
		{BCC89270-40B5-4FA3-A570-AE0D827E4B3C}.Release|Any CPU.ActiveCfg = Release|Any CPU
		{BCC89270-40B5-4FA3-A570-AE0D827E4B3C}.Release|Any CPU.Build.0 = Release|Any CPU
		{A644A512-CF47-4B64-AA5C-41B0EA87805C}.Debug|Any CPU.ActiveCfg = Debug|Any CPU
		{A644A512-CF47-4B64-AA5C-41B0EA87805C}.Debug|Any CPU.Build.0 = Debug|Any CPU
		{A644A512-CF47-4B64-AA5C-41B0EA87805C}.Release|Any CPU.ActiveCfg = Release|Any CPU
		{A644A512-CF47-4B64-AA5C-41B0EA87805C}.Release|Any CPU.Build.0 = Release|Any CPU
		{4852E200-F7BD-4D9C-9F4A-D7E177FA3A82}.Debug|Any CPU.ActiveCfg = Debug|Any CPU
		{4852E200-F7BD-4D9C-9F4A-D7E177FA3A82}.Debug|Any CPU.Build.0 = Debug|Any CPU
		{4852E200-F7BD-4D9C-9F4A-D7E177FA3A82}.Release|Any CPU.ActiveCfg = Release|Any CPU
		{4852E200-F7BD-4D9C-9F4A-D7E177FA3A82}.Release|Any CPU.Build.0 = Release|Any CPU
		{69DDFFB4-C566-4037-A857-2FB3B810AAAC}.Debug|Any CPU.ActiveCfg = Debug|Any CPU
		{69DDFFB4-C566-4037-A857-2FB3B810AAAC}.Debug|Any CPU.Build.0 = Debug|Any CPU
		{69DDFFB4-C566-4037-A857-2FB3B810AAAC}.Release|Any CPU.ActiveCfg = Release|Any CPU
		{69DDFFB4-C566-4037-A857-2FB3B810AAAC}.Release|Any CPU.Build.0 = Release|Any CPU
		{719944CA-FFA7-4F22-A6BD-CB7D87F84C67}.Debug|Any CPU.ActiveCfg = Debug|Any CPU
		{719944CA-FFA7-4F22-A6BD-CB7D87F84C67}.Debug|Any CPU.Build.0 = Debug|Any CPU
		{719944CA-FFA7-4F22-A6BD-CB7D87F84C67}.Release|Any CPU.ActiveCfg = Release|Any CPU
		{719944CA-FFA7-4F22-A6BD-CB7D87F84C67}.Release|Any CPU.Build.0 = Release|Any CPU
		{2FD42FF4-6591-4A51-A95F-A2D9E0C59099}.Debug|Any CPU.ActiveCfg = Debug|Any CPU
		{2FD42FF4-6591-4A51-A95F-A2D9E0C59099}.Debug|Any CPU.Build.0 = Debug|Any CPU
		{2FD42FF4-6591-4A51-A95F-A2D9E0C59099}.Release|Any CPU.ActiveCfg = Release|Any CPU
		{2FD42FF4-6591-4A51-A95F-A2D9E0C59099}.Release|Any CPU.Build.0 = Release|Any CPU
		{59090503-822B-4A72-ABA4-372F2ED884AE}.Debug|Any CPU.ActiveCfg = Debug|Any CPU
		{59090503-822B-4A72-ABA4-372F2ED884AE}.Debug|Any CPU.Build.0 = Debug|Any CPU
		{59090503-822B-4A72-ABA4-372F2ED884AE}.Release|Any CPU.ActiveCfg = Release|Any CPU
		{59090503-822B-4A72-ABA4-372F2ED884AE}.Release|Any CPU.Build.0 = Release|Any CPU
		{B7210437-E2D5-432A-8839-AB544DDB475D}.Debug|Any CPU.ActiveCfg = Debug|Any CPU
		{B7210437-E2D5-432A-8839-AB544DDB475D}.Debug|Any CPU.Build.0 = Debug|Any CPU
		{B7210437-E2D5-432A-8839-AB544DDB475D}.Release|Any CPU.ActiveCfg = Release|Any CPU
		{B7210437-E2D5-432A-8839-AB544DDB475D}.Release|Any CPU.Build.0 = Release|Any CPU
		{E7B83E64-584C-4851-8DA1-4D63CD7918D8}.Debug|Any CPU.ActiveCfg = Debug|Any CPU
		{E7B83E64-584C-4851-8DA1-4D63CD7918D8}.Debug|Any CPU.Build.0 = Debug|Any CPU
		{E7B83E64-584C-4851-8DA1-4D63CD7918D8}.Release|Any CPU.ActiveCfg = Release|Any CPU
		{E7B83E64-584C-4851-8DA1-4D63CD7918D8}.Release|Any CPU.Build.0 = Release|Any CPU
		{9CE68E75-D0F9-4947-94E2-68AF10C87E9D}.Debug|Any CPU.ActiveCfg = Debug|Any CPU
		{9CE68E75-D0F9-4947-94E2-68AF10C87E9D}.Debug|Any CPU.Build.0 = Debug|Any CPU
		{9CE68E75-D0F9-4947-94E2-68AF10C87E9D}.Release|Any CPU.ActiveCfg = Release|Any CPU
		{9CE68E75-D0F9-4947-94E2-68AF10C87E9D}.Release|Any CPU.Build.0 = Release|Any CPU
		{828AABFF-DEBC-46FA-B82B-1D9B9C6FE7BB}.Debug|Any CPU.ActiveCfg = Debug|Any CPU
		{828AABFF-DEBC-46FA-B82B-1D9B9C6FE7BB}.Debug|Any CPU.Build.0 = Debug|Any CPU
		{828AABFF-DEBC-46FA-B82B-1D9B9C6FE7BB}.Release|Any CPU.ActiveCfg = Release|Any CPU
		{828AABFF-DEBC-46FA-B82B-1D9B9C6FE7BB}.Release|Any CPU.Build.0 = Release|Any CPU
		{DC775B7C-458F-43FD-AD3C-7843166C135B}.Debug|Any CPU.ActiveCfg = Debug|Any CPU
		{DC775B7C-458F-43FD-AD3C-7843166C135B}.Debug|Any CPU.Build.0 = Debug|Any CPU
		{DC775B7C-458F-43FD-AD3C-7843166C135B}.Release|Any CPU.ActiveCfg = Release|Any CPU
		{DC775B7C-458F-43FD-AD3C-7843166C135B}.Release|Any CPU.Build.0 = Release|Any CPU
		{1A58071E-1858-42FA-BB8D-9840774DC7B4}.Debug|Any CPU.ActiveCfg = Debug|Any CPU
		{1A58071E-1858-42FA-BB8D-9840774DC7B4}.Debug|Any CPU.Build.0 = Debug|Any CPU
		{1A58071E-1858-42FA-BB8D-9840774DC7B4}.Release|Any CPU.ActiveCfg = Release|Any CPU
		{1A58071E-1858-42FA-BB8D-9840774DC7B4}.Release|Any CPU.Build.0 = Release|Any CPU
	EndGlobalSection
	GlobalSection(SolutionProperties) = preSolution
		HideSolutionNode = FALSE
	EndGlobalSection
	GlobalSection(NestedProjects) = preSolution
		{6DD0D3D2-1948-4198-8889-62326474DD07} = {2E994BF9-87E6-4F37-895B-2B0342B146E4}
		{BCC89270-40B5-4FA3-A570-AE0D827E4B3C} = {8062C50C-BADE-4802-A4B7-624E06788966}
		{A644A512-CF47-4B64-AA5C-41B0EA87805C} = {8062C50C-BADE-4802-A4B7-624E06788966}
		{4852E200-F7BD-4D9C-9F4A-D7E177FA3A82} = {8062C50C-BADE-4802-A4B7-624E06788966}
		{69DDFFB4-C566-4037-A857-2FB3B810AAAC} = {39720F9B-0A3A-4AC2-AC74-EA9F10450024}
		{719944CA-FFA7-4F22-A6BD-CB7D87F84C67} = {39720F9B-0A3A-4AC2-AC74-EA9F10450024}
		{2FD42FF4-6591-4A51-A95F-A2D9E0C59099} = {39720F9B-0A3A-4AC2-AC74-EA9F10450024}
		{59090503-822B-4A72-ABA4-372F2ED884AE} = {39720F9B-0A3A-4AC2-AC74-EA9F10450024}
		{B7210437-E2D5-432A-8839-AB544DDB475D} = {49603908-09A2-48B2-867F-BFBBA1D2D5FD}
		{E7B83E64-584C-4851-8DA1-4D63CD7918D8} = {49603908-09A2-48B2-867F-BFBBA1D2D5FD}
		{9CE68E75-D0F9-4947-94E2-68AF10C87E9D} = {49603908-09A2-48B2-867F-BFBBA1D2D5FD}
		{828AABFF-DEBC-46FA-B82B-1D9B9C6FE7BB} = {47BB12ED-2875-42B6-8D82-33B6F773F464}
		{DC775B7C-458F-43FD-AD3C-7843166C135B} = {71EFC3DD-3D52-4EEF-BE85-09AAA3DEF797}
		{1A58071E-1858-42FA-BB8D-9840774DC7B4} = {F4C469F0-0DBB-41A1-9E0E-60282F44318A}
	EndGlobalSection
	GlobalSection(ExtensibilityGlobals) = postSolution
		SolutionGuid = {F633B91E-4994-4912-B6B1-9997C8515268}
	EndGlobalSection
EndGlobal
